
Microsoft Visual Studio Solution File, Format Version 12.00
# Visual Studio Version 17
VisualStudioVersion = 17.0.31903.59
MinimumVisualStudioVersion = 10.0.40219.1
Project("{FAE04EC0-301F-11D3-BF4B-00C04F79EFBC}") = "Devlead.Testing.MockHttp", "Devlead.Testing.MockHttp\Devlead.Testing.MockHttp.csproj", "{EC5F2F43-B0EA-47C2-BFC0-E89FE1EB49BD}"
EndProject
Project("{FAE04EC0-301F-11D3-BF4B-00C04F79EFBC}") = "Devlead.Testing.MockHttp.Tests", "Devlead.Testing.MockHttp.Tests\Devlead.Testing.MockHttp.Tests.csproj", "{023C3066-0E23-49F5-B206-977FAF2E9DE3}"
EndProject
Global
	GlobalSection(SolutionConfigurationPlatforms) = preSolution
		Debug|Any CPU = Debug|Any CPU
		Release|Any CPU = Release|Any CPU
	EndGlobalSection
	GlobalSection(SolutionProperties) = preSolution
		HideSolutionNode = FALSE
	EndGlobalSection
	GlobalSection(ProjectConfigurationPlatforms) = postSolution
		{EC5F2F43-B0EA-47C2-BFC0-E89FE1EB49BD}.Debug|Any CPU.ActiveCfg = Debug|Any CPU
		{EC5F2F43-B0EA-47C2-BFC0-E89FE1EB49BD}.Debug|Any CPU.Build.0 = Debug|Any CPU
		{EC5F2F43-B0EA-47C2-BFC0-E89FE1EB49BD}.Release|Any CPU.ActiveCfg = Release|Any CPU
		{EC5F2F43-B0EA-47C2-BFC0-E89FE1EB49BD}.Release|Any CPU.Build.0 = Release|Any CPU
		{023C3066-0E23-49F5-B206-977FAF2E9DE3}.Debug|Any CPU.ActiveCfg = Debug|Any CPU
		{023C3066-0E23-49F5-B206-977FAF2E9DE3}.Debug|Any CPU.Build.0 = Debug|Any CPU
		{023C3066-0E23-49F5-B206-977FAF2E9DE3}.Release|Any CPU.ActiveCfg = Release|Any CPU
		{023C3066-0E23-49F5-B206-977FAF2E9DE3}.Release|Any CPU.Build.0 = Release|Any CPU
	EndGlobalSection
EndGlobal
